
Microsoft Visual Studio Solution File, Format Version 12.00
# Visual Studio Version 17
VisualStudioVersion = 17.5.002.0
MinimumVisualStudioVersion = 10.0.40219.1
Project("{9A19103F-16F7-4668-BE54-9A1E7A4F7556}") = "EstruturaCondicionalIF", "EstruturaCondicionalIF.csproj", "{465278CC-AD37-4ECD-B5A4-F07604EC4E70}"
EndProject
Global
	GlobalSection(SolutionConfigurationPlatforms) = preSolution
		Debug|Any CPU = Debug|Any CPU
		Release|Any CPU = Release|Any CPU
	EndGlobalSection
	GlobalSection(ProjectConfigurationPlatforms) = postSolution
		{465278CC-AD37-4ECD-B5A4-F07604EC4E70}.Debug|Any CPU.ActiveCfg = Debug|Any CPU
		{465278CC-AD37-4ECD-B5A4-F07604EC4E70}.Debug|Any CPU.Build.0 = Debug|Any CPU
		{465278CC-AD37-4ECD-B5A4-F07604EC4E70}.Release|Any CPU.ActiveCfg = Release|Any CPU
		{465278CC-AD37-4ECD-B5A4-F07604EC4E70}.Release|Any CPU.Build.0 = Release|Any CPU
	EndGlobalSection
	GlobalSection(SolutionProperties) = preSolution
		HideSolutionNode = FALSE
	EndGlobalSection
	GlobalSection(ExtensibilityGlobals) = postSolution
		SolutionGuid = {9B5A6231-EEA2-4877-9FF4-1907B12E34B4}
	EndGlobalSection
EndGlobal
