
Microsoft Visual Studio Solution File, Format Version 12.00
# Visual Studio Version 17
VisualStudioVersion = 17.5.002.0
MinimumVisualStudioVersion = 10.0.40219.1
Project("{9A19103F-16F7-4668-BE54-9A1E7A4F7556}") = "InferenciaDeTipo", "InferenciaDeTipo.csproj", "{B44F0E09-AC11-40EE-AD16-6CE797776ACE}"
EndProject
Global
	GlobalSection(SolutionConfigurationPlatforms) = preSolution
		Debug|Any CPU = Debug|Any CPU
		Release|Any CPU = Release|Any CPU
	EndGlobalSection
	GlobalSection(ProjectConfigurationPlatforms) = postSolution
		{B44F0E09-AC11-40EE-AD16-6CE797776ACE}.Debug|Any CPU.ActiveCfg = Debug|Any CPU
		{B44F0E09-AC11-40EE-AD16-6CE797776ACE}.Debug|Any CPU.Build.0 = Debug|Any CPU
		{B44F0E09-AC11-40EE-AD16-6CE797776ACE}.Release|Any CPU.ActiveCfg = Release|Any CPU
		{B44F0E09-AC11-40EE-AD16-6CE797776ACE}.Release|Any CPU.Build.0 = Release|Any CPU
	EndGlobalSection
	GlobalSection(SolutionProperties) = preSolution
		HideSolutionNode = FALSE
	EndGlobalSection
	GlobalSection(ExtensibilityGlobals) = postSolution
		SolutionGuid = {D3E5E2E2-C342-4008-B1E9-518A3FE8F55E}
	EndGlobalSection
EndGlobal
