
Microsoft Visual Studio Solution File, Format Version 12.00
# Visual Studio Version 17
VisualStudioVersion = 17.5.002.0
MinimumVisualStudioVersion = 10.0.40219.1
Project("{9A19103F-16F7-4668-BE54-9A1E7A4F7556}") = "EstruturaRepeticaoForeach", "EstruturaRepeticaoForeach.csproj", "{D2E69189-54B3-4D6C-865A-91630898C731}"
EndProject
Global
	GlobalSection(SolutionConfigurationPlatforms) = preSolution
		Debug|Any CPU = Debug|Any CPU
		Release|Any CPU = Release|Any CPU
	EndGlobalSection
	GlobalSection(ProjectConfigurationPlatforms) = postSolution
		{D2E69189-54B3-4D6C-865A-91630898C731}.Debug|Any CPU.ActiveCfg = Debug|Any CPU
		{D2E69189-54B3-4D6C-865A-91630898C731}.Debug|Any CPU.Build.0 = Debug|Any CPU
		{D2E69189-54B3-4D6C-865A-91630898C731}.Release|Any CPU.ActiveCfg = Release|Any CPU
		{D2E69189-54B3-4D6C-865A-91630898C731}.Release|Any CPU.Build.0 = Release|Any CPU
	EndGlobalSection
	GlobalSection(SolutionProperties) = preSolution
		HideSolutionNode = FALSE
	EndGlobalSection
	GlobalSection(ExtensibilityGlobals) = postSolution
		SolutionGuid = {CD6B97A1-181B-420B-BD9E-74962DA349EF}
	EndGlobalSection
EndGlobal
