
Microsoft Visual Studio Solution File, Format Version 12.00
# Visual Studio Version 17
VisualStudioVersion = 17.5.002.0
MinimumVisualStudioVersion = 10.0.40219.1
Project("{9A19103F-16F7-4668-BE54-9A1E7A4F7556}") = "Arrays", "Arrays.csproj", "{4EF5A415-E305-4D41-BD6C-A780377EF5FB}"
EndProject
Global
	GlobalSection(SolutionConfigurationPlatforms) = preSolution
		Debug|Any CPU = Debug|Any CPU
		Release|Any CPU = Release|Any CPU
	EndGlobalSection
	GlobalSection(ProjectConfigurationPlatforms) = postSolution
		{4EF5A415-E305-4D41-BD6C-A780377EF5FB}.Debug|Any CPU.ActiveCfg = Debug|Any CPU
		{4EF5A415-E305-4D41-BD6C-A780377EF5FB}.Debug|Any CPU.Build.0 = Debug|Any CPU
		{4EF5A415-E305-4D41-BD6C-A780377EF5FB}.Release|Any CPU.ActiveCfg = Release|Any CPU
		{4EF5A415-E305-4D41-BD6C-A780377EF5FB}.Release|Any CPU.Build.0 = Release|Any CPU
	EndGlobalSection
	GlobalSection(SolutionProperties) = preSolution
		HideSolutionNode = FALSE
	EndGlobalSection
	GlobalSection(ExtensibilityGlobals) = postSolution
		SolutionGuid = {6905F7E1-5796-4DA2-AA83-94EA85D3BB0D}
	EndGlobalSection
EndGlobal
