
Microsoft Visual Studio Solution File, Format Version 12.00
# Visual Studio Version 17
VisualStudioVersion = 17.5.002.0
MinimumVisualStudioVersion = 10.0.40219.1
Project("{9A19103F-16F7-4668-BE54-9A1E7A4F7556}") = "EstruturaCondicionalSwitch", "EstruturaCondicionalSwitch.csproj", "{CADE6415-6283-406B-9F82-00CFE14BA81F}"
EndProject
Global
	GlobalSection(SolutionConfigurationPlatforms) = preSolution
		Debug|Any CPU = Debug|Any CPU
		Release|Any CPU = Release|Any CPU
	EndGlobalSection
	GlobalSection(ProjectConfigurationPlatforms) = postSolution
		{CADE6415-6283-406B-9F82-00CFE14BA81F}.Debug|Any CPU.ActiveCfg = Debug|Any CPU
		{CADE6415-6283-406B-9F82-00CFE14BA81F}.Debug|Any CPU.Build.0 = Debug|Any CPU
		{CADE6415-6283-406B-9F82-00CFE14BA81F}.Release|Any CPU.ActiveCfg = Release|Any CPU
		{CADE6415-6283-406B-9F82-00CFE14BA81F}.Release|Any CPU.Build.0 = Release|Any CPU
	EndGlobalSection
	GlobalSection(SolutionProperties) = preSolution
		HideSolutionNode = FALSE
	EndGlobalSection
	GlobalSection(ExtensibilityGlobals) = postSolution
		SolutionGuid = {B8153D4C-5C5A-40F3-864F-6CD3063F38A7}
	EndGlobalSection
EndGlobal
