
Microsoft Visual Studio Solution File, Format Version 12.00
# Visual Studio Version 17
VisualStudioVersion = 17.5.002.0
MinimumVisualStudioVersion = 10.0.40219.1
Project("{9A19103F-16F7-4668-BE54-9A1E7A4F7556}") = "EstruturaCondicionalIfElse", "EstruturaCondicionalIfElse.csproj", "{4018DAA2-D38F-4307-B1FA-98B9217C2D9E}"
EndProject
Global
	GlobalSection(SolutionConfigurationPlatforms) = preSolution
		Debug|Any CPU = Debug|Any CPU
		Release|Any CPU = Release|Any CPU
	EndGlobalSection
	GlobalSection(ProjectConfigurationPlatforms) = postSolution
		{4018DAA2-D38F-4307-B1FA-98B9217C2D9E}.Debug|Any CPU.ActiveCfg = Debug|Any CPU
		{4018DAA2-D38F-4307-B1FA-98B9217C2D9E}.Debug|Any CPU.Build.0 = Debug|Any CPU
		{4018DAA2-D38F-4307-B1FA-98B9217C2D9E}.Release|Any CPU.ActiveCfg = Release|Any CPU
		{4018DAA2-D38F-4307-B1FA-98B9217C2D9E}.Release|Any CPU.Build.0 = Release|Any CPU
	EndGlobalSection
	GlobalSection(SolutionProperties) = preSolution
		HideSolutionNode = FALSE
	EndGlobalSection
	GlobalSection(ExtensibilityGlobals) = postSolution
		SolutionGuid = {E51D0AAC-9868-49C7-A7F7-95AB240566B4}
	EndGlobalSection
EndGlobal
