
Microsoft Visual Studio Solution File, Format Version 12.00
# Visual Studio Version 17
VisualStudioVersion = 17.5.002.0
MinimumVisualStudioVersion = 10.0.40219.1
Project("{9A19103F-16F7-4668-BE54-9A1E7A4F7556}") = "DeclaracaoVariaveis", "DeclaracaoVariaveis.csproj", "{CAB04363-DCB8-4B59-BEC0-A8FF83AD1C09}"
EndProject
Global
	GlobalSection(SolutionConfigurationPlatforms) = preSolution
		Debug|Any CPU = Debug|Any CPU
		Release|Any CPU = Release|Any CPU
	EndGlobalSection
	GlobalSection(ProjectConfigurationPlatforms) = postSolution
		{CAB04363-DCB8-4B59-BEC0-A8FF83AD1C09}.Debug|Any CPU.ActiveCfg = Debug|Any CPU
		{CAB04363-DCB8-4B59-BEC0-A8FF83AD1C09}.Debug|Any CPU.Build.0 = Debug|Any CPU
		{CAB04363-DCB8-4B59-BEC0-A8FF83AD1C09}.Release|Any CPU.ActiveCfg = Release|Any CPU
		{CAB04363-DCB8-4B59-BEC0-A8FF83AD1C09}.Release|Any CPU.Build.0 = Release|Any CPU
	EndGlobalSection
	GlobalSection(SolutionProperties) = preSolution
		HideSolutionNode = FALSE
	EndGlobalSection
	GlobalSection(ExtensibilityGlobals) = postSolution
		SolutionGuid = {A7363EFD-10E0-4470-A6D9-0CE3BC6D8BF3}
	EndGlobalSection
EndGlobal
