
Microsoft Visual Studio Solution File, Format Version 12.00
# Visual Studio Version 17
VisualStudioVersion = 17.5.002.0
MinimumVisualStudioVersion = 10.0.40219.1
Project("{9A19103F-16F7-4668-BE54-9A1E7A4F7556}") = "TipoDateTime", "TipoDateTime.csproj", "{7BD99500-42E0-4A7A-B193-644C95893495}"
EndProject
Global
	GlobalSection(SolutionConfigurationPlatforms) = preSolution
		Debug|Any CPU = Debug|Any CPU
		Release|Any CPU = Release|Any CPU
	EndGlobalSection
	GlobalSection(ProjectConfigurationPlatforms) = postSolution
		{7BD99500-42E0-4A7A-B193-644C95893495}.Debug|Any CPU.ActiveCfg = Debug|Any CPU
		{7BD99500-42E0-4A7A-B193-644C95893495}.Debug|Any CPU.Build.0 = Debug|Any CPU
		{7BD99500-42E0-4A7A-B193-644C95893495}.Release|Any CPU.ActiveCfg = Release|Any CPU
		{7BD99500-42E0-4A7A-B193-644C95893495}.Release|Any CPU.Build.0 = Release|Any CPU
	EndGlobalSection
	GlobalSection(SolutionProperties) = preSolution
		HideSolutionNode = FALSE
	EndGlobalSection
	GlobalSection(ExtensibilityGlobals) = postSolution
		SolutionGuid = {3BE1C48F-66DB-45A1-8792-B94DDA4BC4B9}
	EndGlobalSection
EndGlobal
